
Microsoft Visual Studio Solution File, Format Version 12.00
# Visual Studio Version 17
VisualStudioVersion = 17.14.36518.9
MinimumVisualStudioVersion = 10.0.40219.1
Project("{FAE04EC0-301F-11D3-BF4B-00C04F79EFBC}") = "BlogApi", "BlogApi\BlogApi.csproj", "{84EED0A2-A5B4-440D-B8CF-94067ACE12EE}"
EndProject
Project("{2150E333-8FDC-42A3-9474-1A3956D46DE8}") = "方案項目", "方案項目", "{8DDC4786-5FC8-F15C-1CA5-9F41FD4BEB75}"
	ProjectSection(SolutionItems) = preProject
		.gitignore = .gitignore
	EndProjectSection
EndProject
Global
	GlobalSection(SolutionConfigurationPlatforms) = preSolution
		Debug|Any CPU = Debug|Any CPU
		Release|Any CPU = Release|Any CPU
	EndGlobalSection
	GlobalSection(ProjectConfigurationPlatforms) = postSolution
		{84EED0A2-A5B4-440D-B8CF-94067ACE12EE}.Debug|Any CPU.ActiveCfg = Debug|Any CPU
		{84EED0A2-A5B4-440D-B8CF-94067ACE12EE}.Debug|Any CPU.Build.0 = Debug|Any CPU
		{84EED0A2-A5B4-440D-B8CF-94067ACE12EE}.Release|Any CPU.ActiveCfg = Release|Any CPU
		{84EED0A2-A5B4-440D-B8CF-94067ACE12EE}.Release|Any CPU.Build.0 = Release|Any CPU
	EndGlobalSection
	GlobalSection(SolutionProperties) = preSolution
		HideSolutionNode = FALSE
	EndGlobalSection
	GlobalSection(ExtensibilityGlobals) = postSolution
		SolutionGuid = {28B6F116-B498-48F6-9C5A-4759ADD18333}
	EndGlobalSection
EndGlobal
